PODS:
  - Alamofire (4.8.2)
  - BigInt (4.0.0)
  - CryptoSwift (1.0.0)
  - Cuckoo (1.0.5)
  - Geth (1.8.27)
  - GRDB.swift (4.0.1):
    - GRDB.swift/standard (= 4.0.1)
  - GRDB.swift/standard (4.0.1)
  - HSCryptoKit (1.4.0)
  - HSHDWalletKit (1.1):
    - HSCryptoKit (~> 1.4)
  - Nimble (8.0.1)
  - PromiseKit (6.8.4):
    - PromiseKit/CorePromise (= 6.8.4)
    - PromiseKit/Foundation (= 6.8.4)
    - PromiseKit/UIKit (= 6.8.4)
  - PromiseKit/CorePromise (6.8.4)
  - PromiseKit/Foundation (6.8.4):
    - PromiseKit/CorePromise
  - PromiseKit/UIKit (6.8.4):
    - PromiseKit/CorePromise
  - Quick (2.1.0)
  - RxSwift (5.0.0)
  - secp256k1.c (0.1.2)
  - Starscream (3.1.0)
  - Web3swift.pod (2.2.0):
    - BigInt (~> 4.0.0)
    - CryptoSwift (~> 1.0.0)
    - PromiseKit (~> 6.8.4)
    - secp256k1.c (~> 0.1)
    - Starscream (~> 3.1.0)

DEPENDENCIES:
  - Alamofire (~> 4.0)
  - BigInt (~> 4.0)
  - Cuckoo
  - Geth (~> 1.8)
  - GRDB.swift (~> 4.0)
  - HSCryptoKit (~> 1.4)
  - HSHDWalletKit (~> 1.1)
  - Nimble
  - Quick
  - RxSwift (~> 5.0)
  - Web3swift.pod (from `https://github.com/abaikirov/web3swift.git`, branch `develop`)

SPEC REPOS:
  https://github.com/cocoapods/specs.git:
    - Alamofire
    - BigInt
    - CryptoSwift
    - Cuckoo
    - Geth
    - GRDB.swift
    - HSCryptoKit
    - HSHDWalletKit
    - Nimble
    - PromiseKit
    - Quick
    - RxSwift
    - secp256k1.c
    - Starscream

EXTERNAL SOURCES:
  Web3swift.pod:
    :branch: develop
    :git: https://github.com/abaikirov/web3swift.git

CHECKOUT OPTIONS:
  Web3swift.pod:
    :commit: 3e7f20f98d4c18811c5185bf4baf9f2947f3102e
    :git: https://github.com/abaikirov/web3swift.git

SPEC CHECKSUMS:
  Alamofire: ae5c501addb7afdbb13687d7f2f722c78734c2d3
  BigInt: 2aad1a9942dc932ec8b84290d2c564a3d76f97ab
  CryptoSwift: d81eeaa59dc5a8d03720fe919a6fd07b51f7439f
  Cuckoo: 56ceda7442986ad2aa0615f462b0e431253b97a5
  Geth: 17f114e3f581e961f5269cea67d48bcde32df012
  GRDB.swift: 106a830decf1d92a3fc63c6d6a2f6586f6187297
  HSCryptoKit: b57163713287e08f0cdd9ac40165e77b7bdc7e66
  HSHDWalletKit: 1d946bd24bd307cc494141f4e518d25db814f050
  Nimble: 45f786ae66faa9a709624227fae502db55a8bdd0
  PromiseKit: 51794a832647e7b819336dc2279039ce9f1cc49b
  Quick: 4be43f6634acfa727dd106bdf3929ce125ffa79d
  RxSwift: 8b0671caa829a763bbce7271095859121cbd895f
  secp256k1.c: db47b726585d80f027423682eb369729e61b3b20
  Starscream: 08172b481e145289c4930cb567230fb55897cfa4
  Web3swift.pod: 74e9a198863332cbbf8eb5e551ed498d9b548b5b

PODFILE CHECKSUM: b997f2d7e3658ca092e7dd1a3f015a05553f3cb9

COCOAPODS: 1.7.0
